
Microsoft Visual Studio Solution File, Format Version 12.00
# Visual Studio Version 17
VisualStudioVersion = 17.3.32929.385
MinimumVisualStudioVersion = 10.0.40219.1
Project("{FAE04EC0-301F-11D3-BF4B-00C04F79EFBC}") = "Jednostavan_Serverski_sajt", "Jednostavan_Serverski_sajt\Jednostavan_Serverski_sajt.csproj", "{44C87AF9-7268-46BA-B8B8-66CD85ED0F48}"
EndProject
Global
	GlobalSection(SolutionConfigurationPlatforms) = preSolution
		Debug|Any CPU = Debug|Any CPU
		Release|Any CPU = Release|Any CPU
	EndGlobalSection
	GlobalSection(ProjectConfigurationPlatforms) = postSolution
		{44C87AF9-7268-46BA-B8B8-66CD85ED0F48}.Debug|Any CPU.ActiveCfg = Debug|Any CPU
		{44C87AF9-7268-46BA-B8B8-66CD85ED0F48}.Debug|Any CPU.Build.0 = Debug|Any CPU
		{44C87AF9-7268-46BA-B8B8-66CD85ED0F48}.Release|Any CPU.ActiveCfg = Release|Any CPU
		{44C87AF9-7268-46BA-B8B8-66CD85ED0F48}.Release|Any CPU.Build.0 = Release|Any CPU
	EndGlobalSection
	GlobalSection(SolutionProperties) = preSolution
		HideSolutionNode = FALSE
	EndGlobalSection
	GlobalSection(ExtensibilityGlobals) = postSolution
		SolutionGuid = {547AFBEE-4429-40CE-A359-5BCA390C6C1E}
	EndGlobalSection
EndGlobal
